
Microsoft Visual Studio Solution File, Format Version 12.00
# Visual Studio Version 16
VisualStudioVersion = 16.0.29509.3
MinimumVisualStudioVersion = 10.0.40219.1
Project("{2150E333-8FDC-42A3-9474-1A3956D46DE8}") = "Fabric", "Fabric", "{6655B31F-EABE-4917-B01C-0F6202A5C525}"
EndProject
Project("{2150E333-8FDC-42A3-9474-1A3956D46DE8}") = "Common", "Common", "{17D332CC-E90D-485C-8AE1-0BB93016A21E}"
EndProject
Project("{2150E333-8FDC-42A3-9474-1A3956D46DE8}") = "Common", "Common", "{9C3DD2CC-82BC-4FCB-AD6B-4757C85F9313}"
EndProject
Project("{2150E333-8FDC-42A3-9474-1A3956D46DE8}") = "Client", "Client", "{5607A4FB-259F-4521-8FF8-47B3F0AA528C}"
EndProject
Project("{2150E333-8FDC-42A3-9474-1A3956D46DE8}") = "Tests", "Tests", "{F19F9D74-A310-4D27-AE85-6D5651E56A2C}"
EndProject
Project("{2150E333-8FDC-42A3-9474-1A3956D46DE8}") = "Actor", "Actor", "{DA86D272-7141-410E-8382-D7618B5E871B}"
EndProject
Project("{2150E333-8FDC-42A3-9474-1A3956D46DE8}") = "Stateful", "Stateful", "{4AA749F6-1829-47BD-9F63-585071237030}"
EndProject
Project("{2150E333-8FDC-42A3-9474-1A3956D46DE8}") = "Stateless", "Stateless", "{D546BEEB-3661-4E07-AE27-267CA9B169EF}"
EndProject
Project("{2150E333-8FDC-42A3-9474-1A3956D46DE8}") = "Database", "Database", "{A1E5C0A1-8D97-41A5-93E0-FB34E841EE6F}"
EndProject
Project("{A07B5EB6-E848-4116-A8D0-A826331D98C6}") = "Briisk.VehiclesService", "Fabric\Briisk.VehiclesService\Briisk.VehiclesService.sfproj", "{4422DF57-3220-4343-8F27-C8BBDC748861}"
EndProject
Project("{9A19103F-16F7-4668-BE54-9A1E7A4F7556}") = "Briisk.Vehicles.Common", "Fabric\Common\Briisk.Vehicles.Common\Briisk.Vehicles.Common.csproj", "{08A4FB92-996B-47B5-8E74-6A56EB4F1077}"
EndProject
Project("{9A19103F-16F7-4668-BE54-9A1E7A4F7556}") = "Briisk.Vehicles.Stateful", "Fabric\Stateful\Briisk.Vehicles.Stateful\Briisk.Vehicles.Stateful.csproj", "{091F24AB-73A8-41F6-B0FB-613165AB0001}"
EndProject
Project("{FAE04EC0-301F-11D3-BF4B-00C04F79EFBC}") = "Briisk.VehiclesService.API", "Fabric\Stateless\Briisk.VehiclesService.API\Briisk.VehiclesService.API.csproj", "{672A7698-4253-4A9D-B6D6-49DD25EB8C21}"
EndProject
Global
	GlobalSection(SolutionConfigurationPlatforms) = preSolution
		Debug|Any CPU = Debug|Any CPU
		Debug|x64 = Debug|x64
		Release|Any CPU = Release|Any CPU
		Release|x64 = Release|x64
	EndGlobalSection
	GlobalSection(ProjectConfigurationPlatforms) = postSolution
		{4422DF57-3220-4343-8F27-C8BBDC748861}.Debug|Any CPU.ActiveCfg = Debug|x64
		{4422DF57-3220-4343-8F27-C8BBDC748861}.Debug|x64.ActiveCfg = Debug|x64
		{4422DF57-3220-4343-8F27-C8BBDC748861}.Debug|x64.Build.0 = Debug|x64
		{4422DF57-3220-4343-8F27-C8BBDC748861}.Debug|x64.Deploy.0 = Debug|x64
		{4422DF57-3220-4343-8F27-C8BBDC748861}.Release|Any CPU.ActiveCfg = Release|x64
		{4422DF57-3220-4343-8F27-C8BBDC748861}.Release|x64.ActiveCfg = Release|x64
		{4422DF57-3220-4343-8F27-C8BBDC748861}.Release|x64.Build.0 = Release|x64
		{4422DF57-3220-4343-8F27-C8BBDC748861}.Release|x64.Deploy.0 = Release|x64
		{08A4FB92-996B-47B5-8E74-6A56EB4F1077}.Debug|Any CPU.ActiveCfg = Debug|Any CPU
		{08A4FB92-996B-47B5-8E74-6A56EB4F1077}.Debug|Any CPU.Build.0 = Debug|Any CPU
		{08A4FB92-996B-47B5-8E74-6A56EB4F1077}.Debug|x64.ActiveCfg = Debug|x64
		{08A4FB92-996B-47B5-8E74-6A56EB4F1077}.Debug|x64.Build.0 = Debug|x64
		{08A4FB92-996B-47B5-8E74-6A56EB4F1077}.Release|Any CPU.ActiveCfg = Release|Any CPU
		{08A4FB92-996B-47B5-8E74-6A56EB4F1077}.Release|Any CPU.Build.0 = Release|Any CPU
		{08A4FB92-996B-47B5-8E74-6A56EB4F1077}.Release|x64.ActiveCfg = Release|Any CPU
		{08A4FB92-996B-47B5-8E74-6A56EB4F1077}.Release|x64.Build.0 = Release|Any CPU
		{091F24AB-73A8-41F6-B0FB-613165AB0001}.Debug|Any CPU.ActiveCfg = Debug|Any CPU
		{091F24AB-73A8-41F6-B0FB-613165AB0001}.Debug|Any CPU.Build.0 = Debug|Any CPU
		{091F24AB-73A8-41F6-B0FB-613165AB0001}.Debug|x64.ActiveCfg = Debug|x64
		{091F24AB-73A8-41F6-B0FB-613165AB0001}.Debug|x64.Build.0 = Debug|x64
		{091F24AB-73A8-41F6-B0FB-613165AB0001}.Release|Any CPU.ActiveCfg = Release|Any CPU
		{091F24AB-73A8-41F6-B0FB-613165AB0001}.Release|Any CPU.Build.0 = Release|Any CPU
		{091F24AB-73A8-41F6-B0FB-613165AB0001}.Release|x64.ActiveCfg = Release|Any CPU
		{091F24AB-73A8-41F6-B0FB-613165AB0001}.Release|x64.Build.0 = Release|Any CPU
		{672A7698-4253-4A9D-B6D6-49DD25EB8C21}.Debug|Any CPU.ActiveCfg = Debug|Any CPU
		{672A7698-4253-4A9D-B6D6-49DD25EB8C21}.Debug|Any CPU.Build.0 = Debug|Any CPU
		{672A7698-4253-4A9D-B6D6-49DD25EB8C21}.Debug|x64.ActiveCfg = Debug|x64
		{672A7698-4253-4A9D-B6D6-49DD25EB8C21}.Debug|x64.Build.0 = Debug|x64
		{672A7698-4253-4A9D-B6D6-49DD25EB8C21}.Release|Any CPU.ActiveCfg = Release|Any CPU
		{672A7698-4253-4A9D-B6D6-49DD25EB8C21}.Release|Any CPU.Build.0 = Release|Any CPU
		{672A7698-4253-4A9D-B6D6-49DD25EB8C21}.Release|x64.ActiveCfg = Release|Any CPU
		{672A7698-4253-4A9D-B6D6-49DD25EB8C21}.Release|x64.Build.0 = Release|Any CPU
	EndGlobalSection
	GlobalSection(SolutionProperties) = preSolution
		HideSolutionNode = FALSE
	EndGlobalSection
	GlobalSection(NestedProjects) = preSolution
		{17D332CC-E90D-485C-8AE1-0BB93016A21E} = {6655B31F-EABE-4917-B01C-0F6202A5C525}
		{DA86D272-7141-410E-8382-D7618B5E871B} = {6655B31F-EABE-4917-B01C-0F6202A5C525}
		{4AA749F6-1829-47BD-9F63-585071237030} = {6655B31F-EABE-4917-B01C-0F6202A5C525}
		{D546BEEB-3661-4E07-AE27-267CA9B169EF} = {6655B31F-EABE-4917-B01C-0F6202A5C525}
		{A1E5C0A1-8D97-41A5-93E0-FB34E841EE6F} = {6655B31F-EABE-4917-B01C-0F6202A5C525}
		{4422DF57-3220-4343-8F27-C8BBDC748861} = {6655B31F-EABE-4917-B01C-0F6202A5C525}
		{08A4FB92-996B-47B5-8E74-6A56EB4F1077} = {17D332CC-E90D-485C-8AE1-0BB93016A21E}
		{091F24AB-73A8-41F6-B0FB-613165AB0001} = {4AA749F6-1829-47BD-9F63-585071237030}
		{672A7698-4253-4A9D-B6D6-49DD25EB8C21} = {D546BEEB-3661-4E07-AE27-267CA9B169EF}
	EndGlobalSection
	GlobalSection(ExtensibilityGlobals) = postSolution
		SolutionGuid = {F8D67288-568E-4E0E-B5F1-62F10499D626}
	EndGlobalSection
EndGlobal
